
Microsoft Visual Studio Solution File, Format Version 12.00
# Visual Studio 15
VisualStudioVersion = 15.0.28307.852
MinimumVisualStudioVersion = 10.0.40219.1
Project("{FAE04EC0-301F-11D3-BF4B-00C04F79EFBC}") = "FabTheorem", "FabTheorem\FabTheorem.csproj", "{F700753E-4927-41F5-9C64-68E5276D0A38}"
EndProject
Global
	GlobalSection(SolutionConfigurationPlatforms) = preSolution
		Debug|Any CPU = Debug|Any CPU
		Release|Any CPU = Release|Any CPU
	EndGlobalSection
	GlobalSection(ProjectConfigurationPlatforms) = postSolution
		{F700753E-4927-41F5-9C64-68E5276D0A38}.Debug|Any CPU.ActiveCfg = Debug|Any CPU
		{F700753E-4927-41F5-9C64-68E5276D0A38}.Debug|Any CPU.Build.0 = Debug|Any CPU
		{F700753E-4927-41F5-9C64-68E5276D0A38}.Release|Any CPU.ActiveCfg = Release|Any CPU
		{F700753E-4927-41F5-9C64-68E5276D0A38}.Release|Any CPU.Build.0 = Release|Any CPU
	EndGlobalSection
	GlobalSection(SolutionProperties) = preSolution
		HideSolutionNode = FALSE
	EndGlobalSection
	GlobalSection(ExtensibilityGlobals) = postSolution
		SolutionGuid = {4E556CA9-E8B4-42C9-9D96-607F1EAEC064}
	EndGlobalSection
EndGlobal
