
Microsoft Visual Studio Solution File, Format Version 12.00
# Visual Studio 15
VisualStudioVersion = 15.0.28307.852
MinimumVisualStudioVersion = 10.0.40219.1
Project("{F14B399A-7131-4C87-9E4B-1186C45EF12D}") = "Report Project1", "Report Project1\Report Project1.rptproj", "{80A64E3A-EB3A-4EBD-9034-98749DBE1955}"
EndProject
Global
	GlobalSection(SolutionConfigurationPlatforms) = preSolution
		Debug|Default = Debug|Default
		DebugLocal|Default = DebugLocal|Default
		Release|Default = Release|Default
	EndGlobalSection
	GlobalSection(ProjectConfigurationPlatforms) = postSolution
		{80A64E3A-EB3A-4EBD-9034-98749DBE1955}.Debug|Default.ActiveCfg = Debug
		{80A64E3A-EB3A-4EBD-9034-98749DBE1955}.Debug|Default.Build.0 = Debug
		{80A64E3A-EB3A-4EBD-9034-98749DBE1955}.Debug|Default.Deploy.0 = Debug
		{80A64E3A-EB3A-4EBD-9034-98749DBE1955}.DebugLocal|Default.ActiveCfg = DebugLocal
		{80A64E3A-EB3A-4EBD-9034-98749DBE1955}.DebugLocal|Default.Build.0 = DebugLocal
		{80A64E3A-EB3A-4EBD-9034-98749DBE1955}.Release|Default.ActiveCfg = Release
		{80A64E3A-EB3A-4EBD-9034-98749DBE1955}.Release|Default.Build.0 = Release
		{80A64E3A-EB3A-4EBD-9034-98749DBE1955}.Release|Default.Deploy.0 = Release
	EndGlobalSection
	GlobalSection(SolutionProperties) = preSolution
		HideSolutionNode = FALSE
	EndGlobalSection
	GlobalSection(ExtensibilityGlobals) = postSolution
		SolutionGuid = {6F4060AD-D146-42ED-B8C9-04E60C732102}
	EndGlobalSection
EndGlobal
