
Microsoft Visual Studio Solution File, Format Version 12.00
# Visual Studio 15
VisualStudioVersion = 15.0.28307.852
MinimumVisualStudioVersion = 10.0.40219.1
Project("{FAE04EC0-301F-11D3-BF4B-00C04F79EFBC}") = "Crud2_ADONet", "Crud2_ADONet\Crud2_ADONet.csproj", "{0607AC6E-B10D-46F2-AC94-65D2D119C988}"
EndProject
Project("{FAE04EC0-301F-11D3-BF4B-00C04F79EFBC}") = "Crud2_ADONet.Tests", "Crud2_ADONet.Tests\Crud2_ADONet.Tests.csproj", "{8001785D-1E89-414D-B5FA-64307E442ADB}"
EndProject
Global
	GlobalSection(SolutionConfigurationPlatforms) = preSolution
		Debug|Any CPU = Debug|Any CPU
		Release|Any CPU = Release|Any CPU
	EndGlobalSection
	GlobalSection(ProjectConfigurationPlatforms) = postSolution
		{0607AC6E-B10D-46F2-AC94-65D2D119C988}.Debug|Any CPU.ActiveCfg = Debug|Any CPU
		{0607AC6E-B10D-46F2-AC94-65D2D119C988}.Debug|Any CPU.Build.0 = Debug|Any CPU
		{0607AC6E-B10D-46F2-AC94-65D2D119C988}.Release|Any CPU.ActiveCfg = Release|Any CPU
		{0607AC6E-B10D-46F2-AC94-65D2D119C988}.Release|Any CPU.Build.0 = Release|Any CPU
		{8001785D-1E89-414D-B5FA-64307E442ADB}.Debug|Any CPU.ActiveCfg = Debug|Any CPU
		{8001785D-1E89-414D-B5FA-64307E442ADB}.Debug|Any CPU.Build.0 = Debug|Any CPU
		{8001785D-1E89-414D-B5FA-64307E442ADB}.Release|Any CPU.ActiveCfg = Release|Any CPU
		{8001785D-1E89-414D-B5FA-64307E442ADB}.Release|Any CPU.Build.0 = Release|Any CPU
	EndGlobalSection
	GlobalSection(SolutionProperties) = preSolution
		HideSolutionNode = FALSE
	EndGlobalSection
	GlobalSection(ExtensibilityGlobals) = postSolution
		SolutionGuid = {C5D96651-5866-4CF4-A5C9-04E42A333EF4}
	EndGlobalSection
EndGlobal
