
Microsoft Visual Studio Solution File, Format Version 12.00
# Visual Studio 15
VisualStudioVersion = 15.0.28307.852
MinimumVisualStudioVersion = 10.0.40219.1
Project("{FAE04EC0-301F-11D3-BF4B-00C04F79EFBC}") = "WebApplication2", "WebApplication2\WebApplication2.csproj", "{B9D5B3B6-5AE8-4D5A-B77E-320FA616D347}"
EndProject
Project("{FAE04EC0-301F-11D3-BF4B-00C04F79EFBC}") = "WebApplication2.Tests", "WebApplication2.Tests\WebApplication2.Tests.csproj", "{CD717E03-31F2-4B1E-A4FB-1C04F25A9467}"
EndProject
Global
	GlobalSection(SolutionConfigurationPlatforms) = preSolution
		Debug|Any CPU = Debug|Any CPU
		Release|Any CPU = Release|Any CPU
	EndGlobalSection
	GlobalSection(ProjectConfigurationPlatforms) = postSolution
		{B9D5B3B6-5AE8-4D5A-B77E-320FA616D347}.Debug|Any CPU.ActiveCfg = Debug|Any CPU
		{B9D5B3B6-5AE8-4D5A-B77E-320FA616D347}.Debug|Any CPU.Build.0 = Debug|Any CPU
		{B9D5B3B6-5AE8-4D5A-B77E-320FA616D347}.Release|Any CPU.ActiveCfg = Release|Any CPU
		{B9D5B3B6-5AE8-4D5A-B77E-320FA616D347}.Release|Any CPU.Build.0 = Release|Any CPU
		{CD717E03-31F2-4B1E-A4FB-1C04F25A9467}.Debug|Any CPU.ActiveCfg = Debug|Any CPU
		{CD717E03-31F2-4B1E-A4FB-1C04F25A9467}.Debug|Any CPU.Build.0 = Debug|Any CPU
		{CD717E03-31F2-4B1E-A4FB-1C04F25A9467}.Release|Any CPU.ActiveCfg = Release|Any CPU
		{CD717E03-31F2-4B1E-A4FB-1C04F25A9467}.Release|Any CPU.Build.0 = Release|Any CPU
	EndGlobalSection
	GlobalSection(SolutionProperties) = preSolution
		HideSolutionNode = FALSE
	EndGlobalSection
	GlobalSection(ExtensibilityGlobals) = postSolution
		SolutionGuid = {2C87F03C-DD61-4E33-8EA2-EE60E9D00CE2}
	EndGlobalSection
EndGlobal
